
Microsoft Visual Studio Solution File, Format Version 12.00
# Visual Studio Version 16
VisualStudioVersion = 16.0.29728.190
MinimumVisualStudioVersion = 10.0.40219.1
Project("{FAE04EC0-301F-11D3-BF4B-00C04F79EFBC}") = "AppBookTrading", "AppBookTrading\AppBookTrading.csproj", "{6C0CB6D4-4D52-4F72-AC0B-3B2706E9A3B2}"
EndProject
Project("{FAE04EC0-301F-11D3-BF4B-00C04F79EFBC}") = "DAL_BLL_Tier", "BLL_Tier\DAL_BLL_Tier.csproj", "{BA9C9F60-8792-41E9-B839-930102E736A4}"
EndProject
Global
	GlobalSection(SolutionConfigurationPlatforms) = preSolution
		Debug|Any CPU = Debug|Any CPU
		Release|Any CPU = Release|Any CPU
	EndGlobalSection
	GlobalSection(ProjectConfigurationPlatforms) = postSolution
		{6C0CB6D4-4D52-4F72-AC0B-3B2706E9A3B2}.Debug|Any CPU.ActiveCfg = Debug|Any CPU
		{6C0CB6D4-4D52-4F72-AC0B-3B2706E9A3B2}.Debug|Any CPU.Build.0 = Debug|Any CPU
		{6C0CB6D4-4D52-4F72-AC0B-3B2706E9A3B2}.Release|Any CPU.ActiveCfg = Release|Any CPU
		{6C0CB6D4-4D52-4F72-AC0B-3B2706E9A3B2}.Release|Any CPU.Build.0 = Release|Any CPU
		{BA9C9F60-8792-41E9-B839-930102E736A4}.Debug|Any CPU.ActiveCfg = Debug|Any CPU
		{BA9C9F60-8792-41E9-B839-930102E736A4}.Debug|Any CPU.Build.0 = Debug|Any CPU
		{BA9C9F60-8792-41E9-B839-930102E736A4}.Release|Any CPU.ActiveCfg = Release|Any CPU
		{BA9C9F60-8792-41E9-B839-930102E736A4}.Release|Any CPU.Build.0 = Release|Any CPU
	EndGlobalSection
	GlobalSection(SolutionProperties) = preSolution
		HideSolutionNode = FALSE
	EndGlobalSection
	GlobalSection(ExtensibilityGlobals) = postSolution
		SolutionGuid = {C20FC98D-6CC9-4BEA-A7BD-977352422089}
	EndGlobalSection
EndGlobal
